
Microsoft Visual Studio Solution File, Format Version 12.00
# Visual Studio Version 17
VisualStudioVersion = 17.10.35027.167
MinimumVisualStudioVersion = 10.0.40219.1
Project("{9A19103F-16F7-4668-BE54-9A1E7A4F7556}") = "Rhymers.Core", "src\Rhymers.Core\Rhymers.Core.csproj", "{3F4A4E5C-1234-5678-9ABC-DEF012345678}"
EndProject
Project("{9A19103F-16F7-4668-BE54-9A1E7A4F7556}") = "Rhymers.Data", "src\Rhymers.Data\Rhymers.Data.csproj", "{4F5B5F6C-2345-6789-0BCD-EF0123456789}"
EndProject
Project("{9A19103F-16F7-4668-BE54-9A1E7A4F7556}") = "Rhymers.Desktop", "src\Rhymers.Desktop\Rhymers.Desktop.csproj", "{B64A6085-16CA-F3FE-2687-AA890A029A84}"
EndProject
Project("{9A19103F-16F7-4668-BE54-9A1E7A4F7556}") = "Rhymers.Tests", "src\Rhymers.Tests\Rhymers.Tests.csproj", "{4486F8D2-B8EA-BB31-D90E-050F9B9F2D01}"
EndProject
Project("{2150E333-8FDC-42A3-9474-1A3956D46DE8}") = "src", "src", "{827E0CD3-B72D-47B6-A68D-7590B98EB39B}"
EndProject
Project("{FAE04EC0-301F-11D3-BF4B-00C04F79EFBC}") = "Rhymers.Web", "src\Rhymers.Web\Rhymers.Web.csproj", "{EFA940ED-0F13-4F3B-80C9-0A5A36AD52E2}"
EndProject
Project("{FAE04EC0-301F-11D3-BF4B-00C04F79EFBC}") = "Rhymers.Api", "src\Rhymers.Api\Rhymers.Api.csproj", "{C505A18D-4FB7-48A3-8D30-3528430B11DF}"
EndProject
Global
	GlobalSection(SolutionConfigurationPlatforms) = preSolution
		Debug|Any CPU = Debug|Any CPU
		Debug|x64 = Debug|x64
		Debug|x86 = Debug|x86
		Release|Any CPU = Release|Any CPU
		Release|x64 = Release|x64
		Release|x86 = Release|x86
	EndGlobalSection
	GlobalSection(ProjectConfigurationPlatforms) = postSolution
		{3F4A4E5C-1234-5678-9ABC-DEF012345678}.Debug|Any CPU.ActiveCfg = Debug|Any CPU
		{3F4A4E5C-1234-5678-9ABC-DEF012345678}.Debug|Any CPU.Build.0 = Debug|Any CPU
		{3F4A4E5C-1234-5678-9ABC-DEF012345678}.Debug|x64.ActiveCfg = Debug|Any CPU
		{3F4A4E5C-1234-5678-9ABC-DEF012345678}.Debug|x64.Build.0 = Debug|Any CPU
		{3F4A4E5C-1234-5678-9ABC-DEF012345678}.Debug|x86.ActiveCfg = Debug|Any CPU
		{3F4A4E5C-1234-5678-9ABC-DEF012345678}.Debug|x86.Build.0 = Debug|Any CPU
		{3F4A4E5C-1234-5678-9ABC-DEF012345678}.Release|Any CPU.ActiveCfg = Release|Any CPU
		{3F4A4E5C-1234-5678-9ABC-DEF012345678}.Release|Any CPU.Build.0 = Release|Any CPU
		{3F4A4E5C-1234-5678-9ABC-DEF012345678}.Release|x64.ActiveCfg = Release|Any CPU
		{3F4A4E5C-1234-5678-9ABC-DEF012345678}.Release|x64.Build.0 = Release|Any CPU
		{3F4A4E5C-1234-5678-9ABC-DEF012345678}.Release|x86.ActiveCfg = Release|Any CPU
		{3F4A4E5C-1234-5678-9ABC-DEF012345678}.Release|x86.Build.0 = Release|Any CPU
		{4F5B5F6C-2345-6789-0BCD-EF0123456789}.Debug|Any CPU.ActiveCfg = Debug|Any CPU
		{4F5B5F6C-2345-6789-0BCD-EF0123456789}.Debug|Any CPU.Build.0 = Debug|Any CPU
		{4F5B5F6C-2345-6789-0BCD-EF0123456789}.Debug|x64.ActiveCfg = Debug|Any CPU
		{4F5B5F6C-2345-6789-0BCD-EF0123456789}.Debug|x64.Build.0 = Debug|Any CPU
		{4F5B5F6C-2345-6789-0BCD-EF0123456789}.Debug|x86.ActiveCfg = Debug|Any CPU
		{4F5B5F6C-2345-6789-0BCD-EF0123456789}.Debug|x86.Build.0 = Debug|Any CPU
		{4F5B5F6C-2345-6789-0BCD-EF0123456789}.Release|Any CPU.ActiveCfg = Release|Any CPU
		{4F5B5F6C-2345-6789-0BCD-EF0123456789}.Release|Any CPU.Build.0 = Release|Any CPU
		{4F5B5F6C-2345-6789-0BCD-EF0123456789}.Release|x64.ActiveCfg = Release|Any CPU
		{4F5B5F6C-2345-6789-0BCD-EF0123456789}.Release|x64.Build.0 = Release|Any CPU
		{4F5B5F6C-2345-6789-0BCD-EF0123456789}.Release|x86.ActiveCfg = Release|Any CPU
		{4F5B5F6C-2345-6789-0BCD-EF0123456789}.Release|x86.Build.0 = Release|Any CPU
		{B64A6085-16CA-F3FE-2687-AA890A029A84}.Debug|x64.ActiveCfg = Debug|Any CPU
		{B64A6085-16CA-F3FE-2687-AA890A029A84}.Debug|x64.Build.0 = Debug|Any CPU
		{B64A6085-16CA-F3FE-2687-AA890A029A84}.Debug|x86.ActiveCfg = Debug|Any CPU
		{B64A6085-16CA-F3FE-2687-AA890A029A84}.Debug|x86.Build.0 = Debug|Any CPU
		{B64A6085-16CA-F3FE-2687-AA890A029A84}.Debug|Any CPU.ActiveCfg = Debug|Any CPU
		{B64A6085-16CA-F3FE-2687-AA890A029A84}.Release|Any CPU.ActiveCfg = Release|Any CPU
		{B64A6085-16CA-F3FE-2687-AA890A029A84}.Release|x64.ActiveCfg = Release|Any CPU
		{B64A6085-16CA-F3FE-2687-AA890A029A84}.Release|x64.Build.0 = Release|Any CPU
		{B64A6085-16CA-F3FE-2687-AA890A029A84}.Release|x86.ActiveCfg = Release|Any CPU
		{B64A6085-16CA-F3FE-2687-AA890A029A84}.Release|x86.Build.0 = Release|Any CPU
		{4486F8D2-B8EA-BB31-D90E-050F9B9F2D01}.Debug|Any CPU.ActiveCfg = Debug|Any CPU
		{4486F8D2-B8EA-BB31-D90E-050F9B9F2D01}.Debug|x64.ActiveCfg = Debug|Any CPU
		{4486F8D2-B8EA-BB31-D90E-050F9B9F2D01}.Debug|x64.Build.0 = Debug|Any CPU
		{4486F8D2-B8EA-BB31-D90E-050F9B9F2D01}.Debug|x86.ActiveCfg = Debug|Any CPU
		{4486F8D2-B8EA-BB31-D90E-050F9B9F2D01}.Debug|x86.Build.0 = Debug|Any CPU
		{4486F8D2-B8EA-BB31-D90E-050F9B9F2D01}.Release|Any CPU.ActiveCfg = Release|Any CPU
		{4486F8D2-B8EA-BB31-D90E-050F9B9F2D01}.Release|x64.ActiveCfg = Release|Any CPU
		{4486F8D2-B8EA-BB31-D90E-050F9B9F2D01}.Release|x64.Build.0 = Release|Any CPU
		{4486F8D2-B8EA-BB31-D90E-050F9B9F2D01}.Release|x86.ActiveCfg = Release|Any CPU
		{4486F8D2-B8EA-BB31-D90E-050F9B9F2D01}.Release|x86.Build.0 = Release|Any CPU
		{EFA940ED-0F13-4F3B-80C9-0A5A36AD52E2}.Debug|Any CPU.ActiveCfg = Debug|Any CPU
		{EFA940ED-0F13-4F3B-80C9-0A5A36AD52E2}.Debug|Any CPU.Build.0 = Debug|Any CPU
		{EFA940ED-0F13-4F3B-80C9-0A5A36AD52E2}.Debug|x64.ActiveCfg = Debug|Any CPU
		{EFA940ED-0F13-4F3B-80C9-0A5A36AD52E2}.Debug|x64.Build.0 = Debug|Any CPU
		{EFA940ED-0F13-4F3B-80C9-0A5A36AD52E2}.Debug|x86.ActiveCfg = Debug|Any CPU
		{EFA940ED-0F13-4F3B-80C9-0A5A36AD52E2}.Debug|x86.Build.0 = Debug|Any CPU
		{EFA940ED-0F13-4F3B-80C9-0A5A36AD52E2}.Release|Any CPU.ActiveCfg = Release|Any CPU
		{EFA940ED-0F13-4F3B-80C9-0A5A36AD52E2}.Release|Any CPU.Build.0 = Release|Any CPU
		{EFA940ED-0F13-4F3B-80C9-0A5A36AD52E2}.Release|x64.ActiveCfg = Release|Any CPU
		{EFA940ED-0F13-4F3B-80C9-0A5A36AD52E2}.Release|x64.Build.0 = Release|Any CPU
		{EFA940ED-0F13-4F3B-80C9-0A5A36AD52E2}.Release|x86.ActiveCfg = Release|Any CPU
		{EFA940ED-0F13-4F3B-80C9-0A5A36AD52E2}.Release|x86.Build.0 = Release|Any CPU
		{C505A18D-4FB7-48A3-8D30-3528430B11DF}.Debug|Any CPU.ActiveCfg = Debug|Any CPU
		{C505A18D-4FB7-48A3-8D30-3528430B11DF}.Debug|Any CPU.Build.0 = Debug|Any CPU
		{C505A18D-4FB7-48A3-8D30-3528430B11DF}.Debug|x64.ActiveCfg = Debug|Any CPU
		{C505A18D-4FB7-48A3-8D30-3528430B11DF}.Debug|x64.Build.0 = Debug|Any CPU
		{C505A18D-4FB7-48A3-8D30-3528430B11DF}.Debug|x86.ActiveCfg = Debug|Any CPU
		{C505A18D-4FB7-48A3-8D30-3528430B11DF}.Debug|x86.Build.0 = Debug|Any CPU
		{C505A18D-4FB7-48A3-8D30-3528430B11DF}.Release|Any CPU.ActiveCfg = Release|Any CPU
		{C505A18D-4FB7-48A3-8D30-3528430B11DF}.Release|Any CPU.Build.0 = Release|Any CPU
		{C505A18D-4FB7-48A3-8D30-3528430B11DF}.Release|x64.ActiveCfg = Release|Any CPU
		{C505A18D-4FB7-48A3-8D30-3528430B11DF}.Release|x64.Build.0 = Release|Any CPU
		{C505A18D-4FB7-48A3-8D30-3528430B11DF}.Release|x86.ActiveCfg = Release|Any CPU
		{C505A18D-4FB7-48A3-8D30-3528430B11DF}.Release|x86.Build.0 = Release|Any CPU
	EndGlobalSection
	GlobalSection(SolutionProperties) = preSolution
		HideSolutionNode = FALSE
	EndGlobalSection
	GlobalSection(NestedProjects) = preSolution
		{EFA940ED-0F13-4F3B-80C9-0A5A36AD52E2} = {827E0CD3-B72D-47B6-A68D-7590B98EB39B}
		{C505A18D-4FB7-48A3-8D30-3528430B11DF} = {827E0CD3-B72D-47B6-A68D-7590B98EB39B}
	EndGlobalSection
EndGlobal
